
Microsoft Visual Studio Solution File, Format Version 12.00
# Visual Studio Version 16
VisualStudioVersion = 16.0.30709.64
MinimumVisualStudioVersion = 15.0.26124.0
Project("{2150E333-8FDC-42A3-9474-1A3956D46DE8}") = "assets", "assets", "{EF728C3F-08C1-4EC7-AAC4-E4CC065738FA}"
	ProjectSection(SolutionItems) = preProject
		.editorconfig = .editorconfig
		.gitattributes = .gitattributes
		.gitignore = .gitignore
		global.json = global.json
		LICENSE = LICENSE
		README.md = README.md
	EndProjectSection
EndProject
Project("{2150E333-8FDC-42A3-9474-1A3956D46DE8}") = "build", "build", "{14FD7C3B-3512-4A6B-8270-51734B5CC532}"
	ProjectSection(SolutionItems) = preProject
		appveyor.yml = appveyor.yml
	EndProjectSection
EndProject
Project("{2150E333-8FDC-42A3-9474-1A3956D46DE8}") = "src", "src", "{1B215E31-06E2-4DE6-A1C5-FCAB20A1245F}"
EndProject
Project("{2150E333-8FDC-42A3-9474-1A3956D46DE8}") = "tests", "tests", "{3B3916AA-3685-4136-986F-D40D38D8B533}"
EndProject
Project("{9A19103F-16F7-4668-BE54-9A1E7A4F7556}") = "Juukbe.Common.Tests", "tests\Juukbe.Common.Tests\Juukbe.Common.Tests.csproj", "{71851C86-9924-42CA-9A8D-01698CAED226}"
EndProject
Project("{9A19103F-16F7-4668-BE54-9A1E7A4F7556}") = "Juukbe.Common", "src\Juukbe.Common\Juukbe.Common.csproj", "{EB5A1908-80BA-4EAF-A8A6-9CE70A40F9C5}"
EndProject
Global
	GlobalSection(SolutionConfigurationPlatforms) = preSolution
		Debug|Any CPU = Debug|Any CPU
		Debug|x64 = Debug|x64
		Debug|x86 = Debug|x86
		Release|Any CPU = Release|Any CPU
		Release|x64 = Release|x64
		Release|x86 = Release|x86
	EndGlobalSection
	GlobalSection(ProjectConfigurationPlatforms) = postSolution
		{71851C86-9924-42CA-9A8D-01698CAED226}.Debug|Any CPU.ActiveCfg = Debug|Any CPU
		{71851C86-9924-42CA-9A8D-01698CAED226}.Debug|Any CPU.Build.0 = Debug|Any CPU
		{71851C86-9924-42CA-9A8D-01698CAED226}.Debug|x64.ActiveCfg = Debug|Any CPU
		{71851C86-9924-42CA-9A8D-01698CAED226}.Debug|x64.Build.0 = Debug|Any CPU
		{71851C86-9924-42CA-9A8D-01698CAED226}.Debug|x86.ActiveCfg = Debug|Any CPU
		{71851C86-9924-42CA-9A8D-01698CAED226}.Debug|x86.Build.0 = Debug|Any CPU
		{71851C86-9924-42CA-9A8D-01698CAED226}.Release|Any CPU.ActiveCfg = Release|Any CPU
		{71851C86-9924-42CA-9A8D-01698CAED226}.Release|Any CPU.Build.0 = Release|Any CPU
		{71851C86-9924-42CA-9A8D-01698CAED226}.Release|x64.ActiveCfg = Release|Any CPU
		{71851C86-9924-42CA-9A8D-01698CAED226}.Release|x64.Build.0 = Release|Any CPU
		{71851C86-9924-42CA-9A8D-01698CAED226}.Release|x86.ActiveCfg = Release|Any CPU
		{71851C86-9924-42CA-9A8D-01698CAED226}.Release|x86.Build.0 = Release|Any CPU
		{EB5A1908-80BA-4EAF-A8A6-9CE70A40F9C5}.Debug|Any CPU.ActiveCfg = Debug|Any CPU
		{EB5A1908-80BA-4EAF-A8A6-9CE70A40F9C5}.Debug|Any CPU.Build.0 = Debug|Any CPU
		{EB5A1908-80BA-4EAF-A8A6-9CE70A40F9C5}.Debug|x64.ActiveCfg = Debug|Any CPU
		{EB5A1908-80BA-4EAF-A8A6-9CE70A40F9C5}.Debug|x64.Build.0 = Debug|Any CPU
		{EB5A1908-80BA-4EAF-A8A6-9CE70A40F9C5}.Debug|x86.ActiveCfg = Debug|Any CPU
		{EB5A1908-80BA-4EAF-A8A6-9CE70A40F9C5}.Debug|x86.Build.0 = Debug|Any CPU
		{EB5A1908-80BA-4EAF-A8A6-9CE70A40F9C5}.Release|Any CPU.ActiveCfg = Release|Any CPU
		{EB5A1908-80BA-4EAF-A8A6-9CE70A40F9C5}.Release|Any CPU.Build.0 = Release|Any CPU
		{EB5A1908-80BA-4EAF-A8A6-9CE70A40F9C5}.Release|x64.ActiveCfg = Release|Any CPU
		{EB5A1908-80BA-4EAF-A8A6-9CE70A40F9C5}.Release|x64.Build.0 = Release|Any CPU
		{EB5A1908-80BA-4EAF-A8A6-9CE70A40F9C5}.Release|x86.ActiveCfg = Release|Any CPU
		{EB5A1908-80BA-4EAF-A8A6-9CE70A40F9C5}.Release|x86.Build.0 = Release|Any CPU
	EndGlobalSection
	GlobalSection(SolutionProperties) = preSolution
		HideSolutionNode = FALSE
	EndGlobalSection
	GlobalSection(NestedProjects) = preSolution
		{71851C86-9924-42CA-9A8D-01698CAED226} = {3B3916AA-3685-4136-986F-D40D38D8B533}
		{EB5A1908-80BA-4EAF-A8A6-9CE70A40F9C5} = {1B215E31-06E2-4DE6-A1C5-FCAB20A1245F}
	EndGlobalSection
	GlobalSection(ExtensibilityGlobals) = postSolution
		SolutionGuid = {3B749A94-0774-4443-8AF1-08105D8C4D36}
	EndGlobalSection
EndGlobal
